{
  "name": "more-modern-css-reset",
  "version": "1.0.0",
  "lockfileVersion": 3,
  "requires": true,
  "packages": {
    "": {
      "name": "more-modern-css-reset",
      "version": "1.0.0",
      "license": "MIT",
      "devDependencies": {
        "lightningcss-cli": "1.22.1"
      }
    },
    "node_modules/detect-libc": {
      "version": "1.0.3",
      "resolved": "https://registry.npmjs.org/detect-libc/-/detect-libc-1.0.3.tgz",
      "integrity": "sha512-pGjwhsmsp4kL2RTz08wcOlGN83otlqHeD/Z5T8GXZB+/YcpQ/dgo+lbU8ZsGxV0HIvqqxo9l7mqYwyYMD9bKDg==",
      "dev": true,
      "bin": {
        "detect-libc": "bin/detect-libc.js"
      },
      "engines": {
        "node": ">=0.10"
      }
    },
    "node_modules/lightningcss-cli": {
      "version": "1.22.1",
      "resolved": "https://registry.npmjs.org/lightningcss-cli/-/lightningcss-cli-1.22.1.tgz",
      "integrity": "sha512-J4c4n6HOx6Q1qIYHwi169YJIFWkzPibIk5NmbSbZBc63HEGjDRQFJIPWizMWJUjqEmeF8CDnsFCC2R6tGKWpcQ==",
      "dev": true,
      "hasInstallScript": true,
      "dependencies": {
        "detect-libc": "^1.0.3"
      },
      "bin": {
        "lightningcss": "lightningcss"
      },
      "engines": {
        "node": ">= 12.0.0"
      },
      "funding": {
        "type": "opencollective",
        "url": "https://opencollective.com/parcel"
      },
      "optionalDependencies": {
        "lightningcss-cli-darwin-arm64": "1.22.1",
        "lightningcss-cli-darwin-x64": "1.22.1",
        "lightningcss-cli-freebsd-x64": "1.22.1",
        "lightningcss-cli-linux-arm-gnueabihf": "1.22.1",
        "lightningcss-cli-linux-arm64-gnu": "1.22.1",
        "lightningcss-cli-linux-arm64-musl": "1.22.1",
        "lightningcss-cli-linux-x64-gnu": "1.22.1",
        "lightningcss-cli-linux-x64-musl": "1.22.1",
        "lightningcss-cli-win32-x64-msvc": "1.22.1"
      }
    },
    "node_modules/lightningcss-cli-darwin-arm64": {
      "version": "1.22.1",
      "resolved": "https://registry.npmjs.org/lightningcss-cli-darwin-arm64/-/lightningcss-cli-darwin-arm64-1.22.1.tgz",
      "integrity": "sha512-wYbAvHL8T25KHIfHrrQnwNtwp8OXuGIWV3O2IAlY5NwtrNsfTBF0odfHKE/M3vWv/c+JDSoU9hBqPqw9lgIbaA==",
      "cpu": [
        "arm64"
      ],
      "dev": true,
      "optional": true,
      "os": [
        "darwin"
      ],
      "engines": {
        "node": ">= 12.0.0"
      },
      "funding": {
        "type": "opencollective",
        "url": "https://opencollective.com/parcel"
      }
    },
    "node_modules/lightningcss-cli-darwin-x64": {
      "version": "1.22.1",
      "resolved": "https://registry.npmjs.org/lightningcss-cli-darwin-x64/-/lightningcss-cli-darwin-x64-1.22.1.tgz",
      "integrity": "sha512-r634KvNQU8iBpVq1GGWG4G361ReREVTtdx9n+0mxrZVelWrQOXUHysHSvZbD+UBf3O2Iy1ie6kLJQEbN+Xk87A==",
      "cpu": [
        "x64"
      ],
      "dev": true,
      "optional": true,
      "os": [
        "darwin"
      ],
      "engines": {
        "node": ">= 12.0.0"
      },
      "funding": {
        "type": "opencollective",
        "url": "https://opencollective.com/parcel"
      }
    },
    "node_modules/lightningcss-cli-freebsd-x64": {
      "version": "1.22.1",
      "resolved": "https://registry.npmjs.org/lightningcss-cli-freebsd-x64/-/lightningcss-cli-freebsd-x64-1.22.1.tgz",
      "integrity": "sha512-7djPCTq7eW709ZVuD0UIEiQawF7PBHG1cZ6kWoRgBjk7NuFBLhJA/RrzsdWDC79R8xJc+rSk28qky5vh3Zl6rg==",
      "cpu": [
        "x64"
      ],
      "dev": true,
      "optional": true,
      "os": [
        "freebsd"
      ],
      "engines": {
        "node": ">= 12.0.0"
      },
      "funding": {
        "type": "opencollective",
        "url": "https://opencollective.com/parcel"
      }
    },
    "node_modules/lightningcss-cli-linux-arm-gnueabihf": {
      "version": "1.22.1",
      "resolved": "https://registry.npmjs.org/lightningcss-cli-linux-arm-gnueabihf/-/lightningcss-cli-linux-arm-gnueabihf-1.22.1.tgz",
      "integrity": "sha512-kMAjQBL4fJjMH9usR/7p9gf9ILtP31lA3Pn+RjS7+pElzJ0pjkErID4NCnyHdKmXrlzcN/9o02xI+0FOskhf6g==",
      "cpu": [
        "arm"
      ],
      "dev": true,
      "optional": true,
      "os": [
        "linux"
      ],
      "engines": {
        "node": ">= 12.0.0"
      },
      "funding": {
        "type": "opencollective",
        "url": "https://opencollective.com/parcel"
      }
    },
    "node_modules/lightningcss-cli-linux-arm64-gnu": {
      "version": "1.22.1",
      "resolved": "https://registry.npmjs.org/lightningcss-cli-linux-arm64-gnu/-/lightningcss-cli-linux-arm64-gnu-1.22.1.tgz",
      "integrity": "sha512-d5Vw3XZC6Z6Brbtyn99WaFH3viMNqWR7GxZl7KcHIfE9zOHEJfTJZBrCMEJ5DP+r14IVBH+c3cIoLtZHUUXibg==",
      "cpu": [
        "arm64"
      ],
      "dev": true,
      "optional": true,
      "os": [
        "linux"
      ],
      "engines": {
        "node": ">= 12.0.0"
      },
      "funding": {
        "type": "opencollective",
        "url": "https://opencollective.com/parcel"
      }
    },
    "node_modules/lightningcss-cli-linux-arm64-musl": {
      "version": "1.22.1",
      "resolved": "https://registry.npmjs.org/lightningcss-cli-linux-arm64-musl/-/lightningcss-cli-linux-arm64-musl-1.22.1.tgz",
      "integrity": "sha512-rkJnLZo5ZaFzh2UN3RjB9K/JIhtgcJMhIeE9tMvDeB3B3UUQjfMEqIYfW/KshIoMLk32ZVEuNkKAgztCcn4csw==",
      "cpu": [
        "arm64"
      ],
      "dev": true,
      "optional": true,
      "os": [
        "linux"
      ],
      "engines": {
        "node": ">= 12.0.0"
      },
      "funding": {
        "type": "opencollective",
        "url": "https://opencollective.com/parcel"
      }
    },
    "node_modules/lightningcss-cli-linux-x64-gnu": {
      "version": "1.22.1",
      "resolved": "https://registry.npmjs.org/lightningcss-cli-linux-x64-gnu/-/lightningcss-cli-linux-x64-gnu-1.22.1.tgz",
      "integrity": "sha512-OgfjE7DcBMaCo1gSOR5rL9441ujEbWsA32SRjS7MRw/LKavpFKn+bbqLV5/NC2yvXPDnL6cNuJykvp0EHzqpIw==",
      "cpu": [
        "x64"
      ],
      "dev": true,
      "optional": true,
      "os": [
        "linux"
      ],
      "engines": {
        "node": ">= 12.0.0"
      },
      "funding": {
        "type": "opencollective",
        "url": "https://opencollective.com/parcel"
      }
    },
    "node_modules/lightningcss-cli-linux-x64-musl": {
      "version": "1.22.1",
      "resolved": "https://registry.npmjs.org/lightningcss-cli-linux-x64-musl/-/lightningcss-cli-linux-x64-musl-1.22.1.tgz",
      "integrity": "sha512-RyXSN3friFZBWfGZoN9Xtv3GjeDM5/CQcn35ECPo0IC+Y5ZrENRpXab5FR87BWm1qFdqfF28wTAFb8k6eBnAvA==",
      "cpu": [
        "x64"
      ],
      "dev": true,
      "optional": true,
      "os": [
        "linux"
      ],
      "engines": {
        "node": ">= 12.0.0"
      },
      "funding": {
        "type": "opencollective",
        "url": "https://opencollective.com/parcel"
      }
    },
    "node_modules/lightningcss-cli-win32-x64-msvc": {
      "version": "1.22.1",
      "resolved": "https://registry.npmjs.org/lightningcss-cli-win32-x64-msvc/-/lightningcss-cli-win32-x64-msvc-1.22.1.tgz",
      "integrity": "sha512-VB1IcMsKeHJVyd0bUrcbMSRI+ZQwxvLdk7RX1HfZDNt8wEt63skfGU3DVYDXYibAuDpkwe7BTIG2BiARWtC5xA==",
      "cpu": [
        "x64"
      ],
      "dev": true,
      "optional": true,
      "os": [
        "win32"
      ],
      "engines": {
        "node": ">= 12.0.0"
      },
      "funding": {
        "type": "opencollective",
        "url": "https://opencollective.com/parcel"
      }
    }
  }
}
